{
    "_readme": [
        "This file locks the dependencies of your project to a known state",
        "Read more about it at https://getcomposer.org/doc/01-basic-usage.md#composer-lock-the-lock-file",
        "This file is @generated automatically"
    ],
    "content-hash": "6cd8689554c63a5c1a44ff1b277195b6",
    "packages": [
        {
            "name": "john/job.core",
            "version": "1.0.4",
            "dist": {
                "type": "path",
                "url": "../Job.Core",
                "reference": "a8e4d58ff4b2411c5997e98ff8975d92d095a842",
                "shasum": null
            },
            "require": {
                "mashape/unirest-php": "3.0.*",
                "php": ">=7.0",
                "php-ai/php-ml": "0.4.1"
            },
            "type": "project",
            "autoload": {
                "psr-4": {
                    "Shadows\\CarStorage\\Core\\": "src/"
                }
            },
            "license": [
                "proprietary"
            ]
        },
        {
            "name": "john/job.crawler",
            "version": "1.0.0",
            "dist": {
                "type": "path",
                "url": "../Job.Crawler",
                "reference": "bd84b660d25bcebb883e239c3955a719ec362f8b",
                "shasum": null
            },
            "require": {
                "john/job.core": "1.0.*",
                "john/job.nlp": "1.0.*",
                "john/job.utils": "1.0.*",
                "mashape/unirest-php": "3.0.*",
                "php": ">=7.0"
            },
            "type": "project",
            "autoload": {
                "psr-4": {
                    "Shadows\\CarStorage\\Crawler\\": "src/"
                }
            },
            "license": [
                "proprietary"
            ]
        },
        {
            "name": "john/job.nlp",
            "version": "1.0.0",
            "dist": {
                "type": "path",
                "url": "../Job.NLP",
                "reference": "6ccf06f5e13d5f5b12c53e9110ab3ba79e96fca7",
                "shasum": null
            },
            "require": {
                "nlp-tools/nlp-tools": "0.1.*",
                "php": ">=7.0",
                "vanderlee/php-sentence": "1.0.*"
            },
            "require-dev": {
                "john/job.utils": "1.0.*",
                "mashape/unirest-php": "3.0.*"
            },
            "type": "project",
            "autoload": {
                "psr-4": {
                    "Shadows\\CarStorage\\NLP\\": "src/"
                }
            },
            "license": [
                "proprietary"
            ]
        },
        {
            "name": "john/job.utils",
            "version": "1.0.0",
            "dist": {
                "type": "path",
                "url": "../Job.Utils",
                "reference": "117e39abedcfc7611ec406bfea8b1a6c9c02cea7",
                "shasum": null
            },
            "require": {
                "php": ">=7.0"
            },
            "type": "project",
            "autoload": {
                "psr-4": {
                    "Shadows\\CarStorage\\Utils\\": "src/"
                }
            },
            "license": [
                "proprietary"
            ]
        },
        {
            "name": "mashape/unirest-php",
            "version": "v3.0.4",
            "source": {
                "type": "git",
                "url": "https://github.com/Mashape/unirest-php.git",
                "reference": "842c0f242dfaaf85f16b72e217bf7f7c19ab12cb"
            },
            "dist": {
                "type": "zip",
                "url": "https://api.github.com/repos/Mashape/unirest-php/zipball/842c0f242dfaaf85f16b72e217bf7f7c19ab12cb",
                "reference": "842c0f242dfaaf85f16b72e217bf7f7c19ab12cb",
                "shasum": ""
            },
            "require": {
                "ext-curl": "*",
                "php": ">=5.4.0"
            },
            "require-dev": {
                "codeclimate/php-test-reporter": "0.1.*",
                "phpunit/phpunit": "~4.4"
            },
            "suggest": {
                "ext-json": "Allows using JSON Bodies for sending and parsing requests"
            },
            "type": "library",
            "autoload": {
                "psr-0": {
                    "Unirest\\": "src/"
                }
            },
            "notification-url": "https://packagist.org/downloads/",
            "license": [
                "MIT"
            ],
            "description": "Unirest PHP",
            "homepage": "https://github.com/Mashape/unirest-php",
            "keywords": [
                "client",
                "curl",
                "http",
                "https",
                "rest"
            ],
            "time": "2016-08-11T17:49:21+00:00"
        },
        {
            "name": "nlp-tools/nlp-tools",
            "version": "v0.1.3",
            "source": {
                "type": "git",
                "url": "https://github.com/angeloskath/php-nlp-tools.git",
                "reference": "bbccab0f3ca7277bdf7b292ba67ca644efd0cefe"
            },
            "dist": {
                "type": "zip",
                "url": "https://api.github.com/repos/angeloskath/php-nlp-tools/zipball/bbccab0f3ca7277bdf7b292ba67ca644efd0cefe",
                "reference": "bbccab0f3ca7277bdf7b292ba67ca644efd0cefe",
                "shasum": ""
            },
            "require": {
                "php": ">=5.3"
            },
            "type": "library",
            "extra": {
                "branch-alias": {
                    "dev-master": "1.0.x-dev"
                }
            },
            "autoload": {
                "psr-0": {
                    "NlpTools\\": "src/"
                }
            },
            "notification-url": "https://packagist.org/downloads/",
            "license": [
                "WTFPL"
            ],
            "authors": [
                {
                    "name": "Angelos Katharopoulos",
                    "email": "angelos@yourse.gr"
                }
            ],
            "description": "NlpTools is a set of php 5.3+ classes for beginner to semi advanced natural language processing work.",
            "keywords": [
                "machine learning",
                "nlp"
            ],
            "time": "2016-11-03T15:34:42+00:00"
        },
        {
            "name": "php-ai/php-ml",
            "version": "0.4.1",
            "source": {
                "type": "git",
                "url": "https://github.com/php-ai/php-ml.git",
                "reference": "39747efdc1ff781939c45f321475f00f71ef3172"
            },
            "dist": {
                "type": "zip",
                "url": "https://api.github.com/repos/php-ai/php-ml/zipball/39747efdc1ff781939c45f321475f00f71ef3172",
                "reference": "39747efdc1ff781939c45f321475f00f71ef3172",
                "shasum": ""
            },
            "require": {
                "php": ">=7.0.0"
            },
            "require-dev": {
                "phpunit/phpunit": "^6.0"
            },
            "type": "library",
            "autoload": {
                "psr-0": {
                    "Phpml": "src/"
                }
            },
            "notification-url": "https://packagist.org/downloads/",
            "license": [
                "MIT"
            ],
            "authors": [
                {
                    "name": "Arkadiusz Kondas",
                    "email": "arkadiusz.kondas@gmail.com"
                }
            ],
            "description": "PHP-ML - Machine Learning library for PHP",
            "homepage": "https://github.com/php-ai/php-ml",
            "keywords": [
                "Neural network",
                "artificial intelligence",
                "computational learning theory",
                "data science",
                "feature extraction",
                "machine learning",
                "pattern recognition"
            ],
            "time": "2017-03-05T15:45:48+00:00"
        },
        {
            "name": "vanderlee/php-sentence",
            "version": "1.0.3",
            "source": {
                "type": "git",
                "url": "https://github.com/vanderlee/php-sentence.git",
                "reference": "16305bae4af7fbdb4d938e3926da92f86914b781"
            },
            "dist": {
                "type": "zip",
                "url": "https://api.github.com/repos/vanderlee/php-sentence/zipball/16305bae4af7fbdb4d938e3926da92f86914b781",
                "reference": "16305bae4af7fbdb4d938e3926da92f86914b781",
                "shasum": ""
            },
            "require": {
                "php": ">=5.3.0"
            },
            "type": "library",
            "autoload": {
                "classmap": [
                    "classes/"
                ]
            },
            "notification-url": "https://packagist.org/downloads/",
            "license": [
                "MIT"
            ],
            "description": "Simple text sentence splitting and counting. Supports atleast english, german and dutch, possibly more.",
            "homepage": "https://github.com/vanderlee/php-sentence.git",
            "keywords": [
                "boundary",
                "count",
                "disambiguation",
                "segmentation",
                "sentence",
                "split"
            ],
            "time": "2017-05-21T15:47:11+00:00"
        }
    ],
    "packages-dev": [],
    "aliases": [],
    "minimum-stability": "stable",
    "stability-flags": [],
    "prefer-stable": false,
    "prefer-lowest": false,
    "platform": {
        "php": ">=7.0"
    },
    "platform-dev": []
}
